// !$*UTF8*$!
{
	archiveVersion = 1;
	classes = {
	};
	objectVersion = 60;
	objects = {

/* Begin PBXBuildFile section */
		17277F752E02469000E9E525 /* AppDelegate.swift in Sources */ = {isa = PBXBuildFile; fileRef = 17277F742E02469000E9E525 /* AppDelegate.swift */; };
		17277F772E02469000E9E525 /* ContentView.swift in Sources */ = {isa = PBXBuildFile; fileRef = 17277F762E02469000E9E525 /* ContentView.swift */; };
		17277F792E02469000E9E525 /* Assets.xcassets in Resources */ = {isa = PBXBuildFile; fileRef = 17277F782E02469000E9E525 /* Assets.xcassets */; };
		17277F7C2E02469000E9E525 /* Preview Assets.xcassets in Resources */ = {isa = PBXBuildFile; fileRef = 17277F7B2E02469000E9E525 /* Preview Assets.xcassets */; };
		17277F862E02469000E9E525 /* VIO_iPhoneTests.swift in Sources */ = {isa = PBXBuildFile; fileRef = 17277F852E02469000E9E525 /* VIO_iPhoneTests.swift */; };
		17277F902E02469000E9E525 /* VIO_iPhoneUITests.swift in Sources */ = {isa = PBXBuildFile; fileRef = 17277F8F2E02469000E9E525 /* VIO_iPhoneUITests.swift */; };
		17277F922E02469000E9E525 /* VIO_iPhoneUITestsLaunchTests.swift in Sources */ = {isa = PBXBuildFile; fileRef = 17277F912E02469000E9E525 /* VIO_iPhoneUITestsLaunchTests.swift */; };
/* End PBXBuildFile section */

/* Begin PBXContainerItemProxy section */
		17277F822E02469000E9E525 /* PBXContainerItemProxy */ = {
			isa = PBXContainerItemProxy;
			containerPortal = 17277F692E02469000E9E525 /* Project object */;
			proxyType = 1;
			remoteGlobalIDString = 17277F702E02469000E9E525;
			remoteInfo = "VIO-iPhone";
		};
		17277F8C2E02469000E9E525 /* PBXContainerItemProxy */ = {
			isa = PBXContainerItemProxy;
			containerPortal = 17277F692E02469000E9E525 /* Project object */;
			proxyType = 1;
			remoteGlobalIDString = 17277F702E02469000E9E525;
			remoteInfo = "VIO-iPhone";
		};
/* End PBXContainerItemProxy section */

/* Begin PBXFileReference section */
		17277F712E02469000E9E525 /* VIO-iPhone.app */ = {isa = PBXFileReference; explicitFileType = wrapper.application; includeInIndex = 0; path = "VIO-iPhone.app"; sourceTree = BUILT_PRODUCTS_DIR; };
		17277F742E02469000E9E525 /* AppDelegate.swift */ = {isa = PBXFileReference; lastKnownFileType = sourcecode.swift; path = AppDelegate.swift; sourceTree = "<group>"; };
		17277F762E02469000E9E525 /* ContentView.swift */ = {isa = PBXFileReference; lastKnownFileType = sourcecode.swift; path = ContentView.swift; sourceTree = "<group>"; };
		17277F782E02469000E9E525 /* Assets.xcassets */ = {isa = PBXFileReference; lastKnownFileType = folder.assetcatalog; path = Assets.xcassets; sourceTree = "<group>"; };
		17277F7B2E02469000E9E525 /* Preview Assets.xcassets */ = {isa = PBXFileReference; lastKnownFileType = folder.assetcatalog; path = "Preview Assets.xcassets"; sourceTree = "<group>"; };
		17277F812E02469000E9E525 /* VIO-iPhoneTests.xctest */ = {isa = PBXFileReference; explicitFileType = wrapper.cfbundle; includeInIndex = 0; path = "VIO-iPhoneTests.xctest"; sourceTree = BUILT_PRODUCTS_DIR; };
		17277F852E02469000E9E525 /* VIO_iPhoneTests.swift */ = {isa = PBXFileReference; lastKnownFileType = sourcecode.swift; path = VIO_iPhoneTests.swift; sourceTree = "<group>"; };
		17277F8B2E02469000E9E525 /* VIO-iPhoneUITests.xctest */ = {isa = PBXFileReference; explicitFileType = wrapper.cfbundle; includeInIndex = 0; path = "VIO-iPhoneUITests.xctest"; sourceTree = BUILT_PRODUCTS_DIR; };
		17277F8F2E02469000E9E525 /* VIO_iPhoneUITests.swift */ = {isa = PBXFileReference; lastKnownFileType = sourcecode.swift; path = VIO_iPhoneUITests.swift; sourceTree = "<group>"; };
		17277F912E02469000E9E525 /* VIO_iPhoneUITestsLaunchTests.swift */ = {isa = PBXFileReference; lastKnownFileType = sourcecode.swift; path = VIO_iPhoneUITestsLaunchTests.swift; sourceTree = "<group>"; };
/* End PBXFileReference section */

/* Begin PBXFrameworksBuildPhase section */
		17277F6E2E02469000E9E525 /* Frameworks */ = {
			isa = PBXFrameworksBuildPhase;
			buildActionMask = 2147483647;
			files = (
			);
			runOnlyForDeploymentPostprocessing = 0;
		};
		17277F7E2E02469000E9E525 /* Frameworks */ = {
			isa = PBXFrameworksBuildPhase;
			buildActionMask = 2147483647;
			files = (
			);
			runOnlyForDeploymentPostprocessing = 0;
		};
		17277F882E02469000E9E525 /* Frameworks */ = {
			isa = PBXFrameworksBuildPhase;
			buildActionMask = 2147483647;
			files = (
			);
			runOnlyForDeploymentPostprocessing = 0;
		};
/* End PBXFrameworksBuildPhase section */

/* Begin PBXGroup section */
		17277F682E02469000E9E525 = {
			isa = PBXGroup;
			children = (
				17277F732E02469000E9E525 /* VIO-iPhone */,
				17277F842E02469000E9E525 /* VIO-iPhoneTests */,
				17277F8E2E02469000E9E525 /* VIO-iPhoneUITests */,
				17277F722E02469000E9E525 /* Products */,
			);
			sourceTree = "<group>";
		};
		17277F722E02469000E9E525 /* Products */ = {
			isa = PBXGroup;
			children = (
				17277F712E02469000E9E525 /* VIO-iPhone.app */,
				17277F812E02469000E9E525 /* VIO-iPhoneTests.xctest */,
				17277F8B2E02469000E9E525 /* VIO-iPhoneUITests.xctest */,
			);
			name = Products;
			sourceTree = "<group>";
		};
		17277F732E02469000E9E525 /* VIO-iPhone */ = {
			isa = PBXGroup;
			children = (
				17277F742E02469000E9E525 /* AppDelegate.swift */,
				17277F762E02469000E9E525 /* ContentView.swift */,
				17277F782E02469000E9E525 /* Assets.xcassets */,
				17277F7A2E02469000E9E525 /* Preview Content */,
			);
			path = "VIO-iPhone";
			sourceTree = "<group>";
		};
		17277F7A2E02469000E9E525 /* Preview Content */ = {
			isa = PBXGroup;
			children = (
				17277F7B2E02469000E9E525 /* Preview Assets.xcassets */,
			);
			path = "Preview Content";
			sourceTree = "<group>";
		};
		17277F842E02469000E9E525 /* VIO-iPhoneTests */ = {
			isa = PBXGroup;
			children = (
				17277F852E02469000E9E525 /* VIO_iPhoneTests.swift */,
			);
			path = "VIO-iPhoneTests";
			sourceTree = "<group>";
		};
		17277F8E2E02469000E9E525 /* VIO-iPhoneUITests */ = {
			isa = PBXGroup;
			children = (
				17277F8F2E02469000E9E525 /* VIO_iPhoneUITests.swift */,
				17277F912E02469000E9E525 /* VIO_iPhoneUITestsLaunchTests.swift */,
			);
			path = "VIO-iPhoneUITests";
			sourceTree = "<group>";
		};
/* End PBXGroup section */

/* Begin PBXNativeTarget section */
		17277F702E02469000E9E525 /* VIO-iPhone */ = {
			isa = PBXNativeTarget;
			buildConfigurationList = 17277F952E02469000E9E525 /* Build configuration list for PBXNativeTarget "VIO-iPhone" */;
			buildPhases = (
				17277F6D2E02469000E9E525 /* Sources */,
				17277F6E2E02469000E9E525 /* Frameworks */,
				17277F6F2E02469000E9E525 /* Resources */,
			);
			buildRules = (
			);
			dependencies = (
			);
			name = "VIO-iPhone";
			productName = "VIO-iPhone";
			productReference = 17277F712E02469000E9E525 /* VIO-iPhone.app */;
			productType = "com.apple.product-type.application";
		};
		17277F802E02469000E9E525 /* VIO-iPhoneTests */ = {
			isa = PBXNativeTarget;
			buildConfigurationList = 17277F982E02469000E9E525 /* Build configuration list for PBXNativeTarget "VIO-iPhoneTests" */;
			buildPhases = (
				17277F7D2E02469000E9E525 /* Sources */,
				17277F7E2E02469000E9E525 /* Frameworks */,
				17277F7F2E02469000E9E525 /* Resources */,
			);
			buildRules = (
			);
			dependencies = (
				17277F832E02469000E9E525 /* PBXTargetDependency */,
			);
			name = "VIO-iPhoneTests";
			productName = "VIO-iPhoneTests";
			productReference = 17277F812E02469000E9E525 /* VIO-iPhoneTests.xctest */;
			productType = "com.apple.product-type.bundle.unit-test";
		};
		17277F8A2E02469000E9E525 /* VIO-iPhoneUITests */ = {
			isa = PBXNativeTarget;
			buildConfigurationList = 17277F9B2E02469000E9E525 /* Build configuration list for PBXNativeTarget "VIO-iPhoneUITests" */;
			buildPhases = (
				17277F872E02469000E9E525 /* Sources */,
				17277F882E02469000E9E525 /* Frameworks */,
				17277F892E02469000E9E525 /* Resources */,
			);
			buildRules = (
			);
			dependencies = (
				17277F8D2E02469000E9E525 /* PBXTargetDependency */,
			);
			name = "VIO-iPhoneUITests";
			productName = "VIO-iPhoneUITests";
			productReference = 17277F8B2E02469000E9E525 /* VIO-iPhoneUITests.xctest */;
			productType = "com.apple.product-type.bundle.ui-testing";
		};
/* End PBXNativeTarget section */

/* Begin PBXProject section */
		17277F692E02469000E9E525 /* Project object */ = {
			isa = PBXProject;
			attributes = {
				BuildIndependentTargetsInParallel = 1;
				LastSwiftUpdateCheck = 1600;
				LastUpgradeCheck = 1600;
				TargetAttributes = {
					17277F702E02469000E9E525 = {
						CreatedOnToolsVersion = 16.0;
					};
					17277F802E02469000E9E525 = {
						CreatedOnToolsVersion = 16.0;
						TestTargetID = 17277F702E02469000E9E525;
					};
					17277F8A2E02469000E9E525 = {
						CreatedOnToolsVersion = 16.0;
						TestTargetID = 17277F702E02469000E9E525;
					};
				};
			};
			buildConfigurationList = 17277F6C2E02469000E9E525 /* Build configuration list for PBXProject "VIO-iPhone" */;
			compatibilityVersion = "Xcode 15.0";
			developmentRegion = en;
			hasScannedForEncodings = 0;
			knownRegions = (
				en,
				Base,
			);
			mainGroup = 17277F682E02469000E9E525;
			productRefGroup = 17277F722E02469000E9E525 /* Products */;
			projectDirPath = "";
			projectRoot = "";
			targets = (
				17277F702E02469000E9E525 /* VIO-iPhone */,
				17277F802E02469000E9E525 /* VIO-iPhoneTests */,
				17277F8A2E02469000E9E525 /* VIO-iPhoneUITests */,
			);
		};
/* End PBXProject section */

/* Begin PBXResourcesBuildPhase section */
		17277F6F2E02469000E9E525 /* Resources */ = {
			isa = PBXResourcesBuildPhase;
			buildActionMask = 2147483647;
			files = (
				17277F7C2E02469000E9E525 /* Preview Assets.xcassets in Resources */,
				17277F792E02469000E9E525 /* Assets.xcassets in Resources */,
			);
			runOnlyForDeploymentPostprocessing = 0;
		};
		17277F7F2E02469000E9E525 /* Resources */ = {
			isa = PBXResourcesBuildPhase;
			buildActionMask = 2147483647;
			files = (
			);
			runOnlyForDeploymentPostprocessing = 0;
		};
		17277F892E02469000E9E525 /* Resources */ = {
			isa = PBXResourcesBuildPhase;
			buildActionMask = 2147483647;
			files = (
			);
			runOnlyForDeploymentPostprocessing = 0;
		};
/* End PBXResourcesBuildPhase section */

/* Begin PBXSourcesBuildPhase section */
		17277F6D2E02469000E9E525 /* Sources */ = {
			isa = PBXSourcesBuildPhase;
			buildActionMask = 2147483647;
			files = (
				17277F772E02469000E9E525 /* ContentView.swift in Sources */,
				17277F752E02469000E9E525 /* AppDelegate.swift in Sources */,
			);
			runOnlyForDeploymentPostprocessing = 0;
		};
		17277F7D2E02469000E9E525 /* Sources */ = {
			isa = PBXSourcesBuildPhase;
			buildActionMask = 2147483647;
			files = (
				17277F862E02469000E9E525 /* VIO_iPhoneTests.swift in Sources */,
			);
			runOnlyForDeploymentPostprocessing = 0;
		};
		17277F872E02469000E9E525 /* Sources */ = {
			isa = PBXSourcesBuildPhase;
			buildActionMask = 2147483647;
			files = (
				17277F922E02469000E9E525 /* VIO_iPhoneUITestsLaunchTests.swift in Sources */,
				17277F902E02469000E9E525 /* VIO_iPhoneUITests.swift in Sources */,
			);
			runOnlyForDeploymentPostprocessing = 0;
		};
/* End PBXSourcesBuildPhase section */

/* Begin PBXTargetDependency section */
		17277F832E02469000E9E525 /* PBXTargetDependency */ = {
			isa = PBXTargetDependency;
			target = 17277F702E02469000E9E525 /* VIO-iPhone */;
			targetProxy = 17277F822E02469000E9E525 /* PBXContainerItemProxy */;
		};
		17277F8D2E02469000E9E525 /* PBXTargetDependency */ = {
			isa = PBXTargetDependency;
			target = 17277F702E02469000E9E525 /* VIO-iPhone */;
			targetProxy = 17277F8C2E02469000E9E525 /* PBXContainerItemProxy */;
		};
/* End PBXTargetDependency section */

/* Begin XCBuildConfiguration section */
		17277F932E02469000E9E525 /* Debug */ = {
			isa = XCBuildConfiguration;
			buildSettings = {
				ALWAYS_SEARCH_USER_PATHS = NO;
				ASSETCATALOG_COMPILER_GENERATE_SWIFT_ASSET_SYMBOL_EXTENSIONS = YES;
				CLANG_ANALYZER_NONNULL = YES;
				CLANG_ANALYZER_NUMBER_OBJECT_CONVERSION = YES_AGGRESSIVE;
				CLANG_CXX_LANGUAGE_STANDARD = "gnu++20";
				CLANG_ENABLE_MODULES = YES;
				CLANG_ENABLE_OBJC_ARC = YES;
				CLANG_ENABLE_OBJC_WEAK = YES;
				CLANG_WARN_BLOCK_CAPTURE_AUTORELEASING = YES;
				CLANG_WARN_BOOL_CONVERSION = YES;
				CLANG_WARN_COMMA = YES;
				CLANG_WARN_CONSTANT_CONVERSION = YES;
				CLANG_WARN_DEPRECATED_OBJC_IMPLEMENTATIONS = YES;
				CLANG_WARN_DIRECT_OBJC_ISA_USAGE = YES_ERROR;
				CLANG_WARN_DOCUMENTATION_COMMENTS = YES;
				CLANG_WARN_EMPTY_BODY = YES;
				CLANG_WARN_ENUM_CONVERSION = YES;
				CLANG_WARN_INFINITE_RECURSION = YES;
				CLANG_WARN_INT_CONVERSION = YES;
				CLANG_WARN_NON_LITERAL_NULL_CONVERSION = YES;
				CLANG_WARN_OBJC_IMPLICIT_RETAIN_SELF = YES;
				CLANG_WARN_OBJC_LITERAL_CONVERSION = YES;
				CLANG_WARN_OBJC_ROOT_CLASS = YES_ERROR;
				CLANG_WARN_QUOTED_INCLUDE_IN_FRAMEWORK_HEADER = YES;
				CLANG_WARN_RANGE_LOOP_ANALYSIS = YES;
				CLANG_WARN_STRICT_PROTOTYPES = YES;
				CLANG_WARN_SUSPICIOUS_MOVE = YES;
				CLANG_WARN_UNGUARDED_AVAILABILITY = YES_AGGRESSIVE;
				CLANG_WARN_UNREACHABLE_CODE = YES;
				CLANG_WARN__DUPLICATE_METHOD_MATCH = YES;
				COPY_PHASE_STRIP = NO;
				DEBUG_INFORMATION_FORMAT = dwarf;
				ENABLE_STRICT_OBJC_MSGSEND = YES;
				ENABLE_TESTABILITY = YES;
				ENABLE_USER_SCRIPT_SANDBOXING = YES;
				GCC_C_LANGUAGE_STANDARD = gnu17;
				GCC_DYNAMIC_NO_PIC = NO;
				GCC_NO_COMMON_BLOCKS = YES;
				GCC_OPTIMIZATION_LEVEL = 0;
				GCC_PREPROCESSOR_DEFINITIONS = (
					"DEBUG=1",
					"$(inherited)",
				);
				GCC_WARN_64_TO_32_BIT_CONVERSION = YES;
				GCC_WARN_ABOUT_RETURN_TYPE = YES_ERROR;
				GCC_WARN_UNDECLARED_SELECTOR = YES;
				GCC_WARN_UNINITIALIZED_AUTOS = YES_AGGRESSIVE;
				GCC_WARN_UNUSED_FUNCTION = YES;
				GCC_WARN_UNUSED_VARIABLE = YES;
				IPHONEOS_DEPLOYMENT_TARGET = 18.0;
				LOCALIZATION_PREFERS_STRING_CATALOGS = YES;
				MTL_ENABLE_DEBUG_INFO = INCLUDE_SOURCE;
				MTL_FAST_MATH = YES;
				ONLY_ACTIVE_ARCH = YES;
				SDKROOT = iphoneos;
				SWIFT_ACTIVE_COMPILATION_CONDITIONS = "DEBUG $(inherited)";
				SWIFT_OPTIMIZATION_LEVEL = "-Onone";
			};
			name = Debug;
		};
		17277F942E02469000E9E525 /* Release */ = {
			isa = XCBuildConfiguration;
			buildSettings = {
				ALWAYS_SEARCH_USER_PATHS = NO;
				ASSETCATALOG_COMPILER_GENERATE_SWIFT_ASSET_SYMBOL_EXTENSIONS = YES;
				CLANG_ANALYZER_NONNULL = YES;
				CLANG_ANALYZER_NUMBER_OBJECT_CONVERSION = YES_AGGRESSIVE;
				CLANG_CXX_LANGUAGE_STANDARD = "gnu++20";
				CLANG_ENABLE_MODULES = YES;
				CLANG_ENABLE_OBJC_ARC = YES;
				CLANG_ENABLE_OBJC_WEAK = YES;
				CLANG_WARN_BLOCK_CAPTURE_AUTORELEASING = YES;
				CLANG_WARN_BOOL_CONVERSION = YES;
				CLANG_WARN_COMMA = YES;
				CLANG_WARN_CONSTANT_CONVERSION = YES;
				CLANG_WARN_DEPRECATED_OBJC_IMPLEMENTATIONS = YES;
				CLANG_WARN_DIRECT_OBJC_ISA_USAGE = YES_ERROR;
				CLANG_WARN_DOCUMENTATION_COMMENTS = YES;
				CLANG_WARN_EMPTY_BODY = YES;
				CLANG_WARN_ENUM_CONVERSION = YES;
				CLANG_WARN_INFINITE_RECURSION = YES;
				CLANG_WARN_INT_CONVERSION = YES;
				CLANG_WARN_NON_LITERAL_NULL_CONVERSION = YES;
				CLANG_WARN_OBJC_IMPLICIT_RETAIN_SELF = YES;
				CLANG_WARN_OBJC_LITERAL_CONVERSION = YES;
				CLANG_WARN_OBJC_ROOT_CLASS = YES_ERROR;
				CLANG_WARN_QUOTED_INCLUDE_IN_FRAMEWORK_HEADER = YES;
				CLANG_WARN_RANGE_LOOP_ANALYSIS = YES;
				CLANG_WARN_STRICT_PROTOTYPES = YES;
				CLANG_WARN_SUSPICIOUS_MOVE = YES;
				CLANG_WARN_UNGUARDED_AVAILABILITY = YES_AGGRESSIVE;
				CLANG_WARN_UNREACHABLE_CODE = YES;
				CLANG_WARN__DUPLICATE_METHOD_MATCH = YES;
				COPY_PHASE_STRIP = NO;
				DEBUG_INFORMATION_FORMAT = "dwarf-with-dsym";
				ENABLE_NS_ASSERTIONS = NO;
				ENABLE_STRICT_OBJC_MSGSEND = YES;
				ENABLE_USER_SCRIPT_SANDBOXING = YES;
				GCC_C_LANGUAGE_STANDARD = gnu17;
				GCC_NO_COMMON_BLOCKS = YES;
				GCC_WARN_64_TO_32_BIT_CONVERSION = YES;
				GCC_WARN_ABOUT_RETURN_TYPE = YES_ERROR;
				GCC_WARN_UNDECLARED_SELECTOR = YES;
				GCC_WARN_UNINITIALIZED_AUTOS = YES_AGGRESSIVE;
				GCC_WARN_UNUSED_FUNCTION = YES;
				GCC_WARN_UNUSED_VARIABLE = YES;
				IPHONEOS_DEPLOYMENT_TARGET = 18.0;
				LOCALIZATION_PREFERS_STRING_CATALOGS = YES;
				MTL_ENABLE_DEBUG_INFO = NO;
				MTL_FAST_MATH = YES;
				SDKROOT = iphoneos;
				SWIFT_COMPILATION_MODE = wholemodule;
				VALIDATE_PRODUCT = YES;
			};
			name = Release;
		};
		17277F962E02469000E9E525 /* Debug */ = {
			isa = XCBuildConfiguration;
			buildSettings = {
				ASSETCATALOG_COMPILER_APPICON_NAME = AppIcon;
				ASSETCATALOG_COMPILER_GLOBAL_ACCENT_COLOR_NAME = AccentColor;
				CODE_SIGN_STYLE = Automatic;
				CURRENT_PROJECT_VERSION = 1;
				DEVELOPMENT_ASSET_PATHS = "\"VIO-iPhone/Preview Content\"";
				DEVELOPMENT_TEAM = ATT7F4SPWR;
				ENABLE_PREVIEWS = YES;
				GENERATE_INFOPLIST_FILE = YES;
				INFOPLIST_KEY_NSCameraUsageDescription = "";
				INFOPLIST_KEY_UIApplicationSupportsIndirectInputEvents = YES;
				INFOPLIST_KEY_UILaunchScreen_Generation = YES;
				INFOPLIST_KEY_UIRequiredDeviceCapabilities = arkit;
				INFOPLIST_KEY_UIStatusBarHidden = YES;
				INFOPLIST_KEY_UISupportedInterfaceOrientations_iPad = "UIInterfaceOrientationPortrait UIInterfaceOrientationPortraitUpsideDown UIInterfaceOrientationLandscapeLeft UIInterfaceOrientationLandscapeRight";
				INFOPLIST_KEY_UISupportedInterfaceOrientations_iPhone = "UIInterfaceOrientationPortrait UIInterfaceOrientationLandscapeLeft UIInterfaceOrientationLandscapeRight";
				LD_RUNPATH_SEARCH_PATHS = (
					"$(inherited)",
					"@executable_path/Frameworks",
				);
				MARKETING_VERSION = 1.0;
				PRODUCT_BUNDLE_IDENTIFIER = "ARI.VIO-iPhone";
				PRODUCT_NAME = "$(TARGET_NAME)";
				SWIFT_EMIT_LOC_STRINGS = YES;
				SWIFT_VERSION = 5.0;
				TARGETED_DEVICE_FAMILY = "1,2";
			};
			name = Debug;
		};
		17277F972E02469000E9E525 /* Release */ = {
			isa = XCBuildConfiguration;
			buildSettings = {
				ASSETCATALOG_COMPILER_APPICON_NAME = AppIcon;
				ASSETCATALOG_COMPILER_GLOBAL_ACCENT_COLOR_NAME = AccentColor;
				CODE_SIGN_STYLE = Automatic;
				CURRENT_PROJECT_VERSION = 1;
				DEVELOPMENT_ASSET_PATHS = "\"VIO-iPhone/Preview Content\"";
				DEVELOPMENT_TEAM = ATT7F4SPWR;
				ENABLE_PREVIEWS = YES;
				GENERATE_INFOPLIST_FILE = YES;
				INFOPLIST_KEY_NSCameraUsageDescription = "";
				INFOPLIST_KEY_UIApplicationSupportsIndirectInputEvents = YES;
				INFOPLIST_KEY_UILaunchScreen_Generation = YES;
				INFOPLIST_KEY_UIRequiredDeviceCapabilities = arkit;
				INFOPLIST_KEY_UIStatusBarHidden = YES;
				INFOPLIST_KEY_UISupportedInterfaceOrientations_iPad = "UIInterfaceOrientationPortrait UIInterfaceOrientationPortraitUpsideDown UIInterfaceOrientationLandscapeLeft UIInterfaceOrientationLandscapeRight";
				INFOPLIST_KEY_UISupportedInterfaceOrientations_iPhone = "UIInterfaceOrientationPortrait UIInterfaceOrientationLandscapeLeft UIInterfaceOrientationLandscapeRight";
				LD_RUNPATH_SEARCH_PATHS = (
					"$(inherited)",
					"@executable_path/Frameworks",
				);
				MARKETING_VERSION = 1.0;
				PRODUCT_BUNDLE_IDENTIFIER = "ARI.VIO-iPhone";
				PRODUCT_NAME = "$(TARGET_NAME)";
				SWIFT_EMIT_LOC_STRINGS = YES;
				SWIFT_VERSION = 5.0;
				TARGETED_DEVICE_FAMILY = "1,2";
			};
			name = Release;
		};
		17277F992E02469000E9E525 /* Debug */ = {
			isa = XCBuildConfiguration;
			buildSettings = {
				BUNDLE_LOADER = "$(TEST_HOST)";
				CODE_SIGN_STYLE = Automatic;
				CURRENT_PROJECT_VERSION = 1;
				GENERATE_INFOPLIST_FILE = YES;
				IPHONEOS_DEPLOYMENT_TARGET = 18.0;
				MARKETING_VERSION = 1.0;
				PRODUCT_BUNDLE_IDENTIFIER = "ARI.VIO-iPhoneTests";
				PRODUCT_NAME = "$(TARGET_NAME)";
				SWIFT_EMIT_LOC_STRINGS = NO;
				SWIFT_VERSION = 5.0;
				TARGETED_DEVICE_FAMILY = "1,2";
				TEST_HOST = "$(BUILT_PRODUCTS_DIR)/VIO-iPhone.app/$(BUNDLE_EXECUTABLE_FOLDER_PATH)/VIO-iPhone";
			};
			name = Debug;
		};
		17277F9A2E02469000E9E525 /* Release */ = {
			isa = XCBuildConfiguration;
			buildSettings = {
				BUNDLE_LOADER = "$(TEST_HOST)";
				CODE_SIGN_STYLE = Automatic;
				CURRENT_PROJECT_VERSION = 1;
				GENERATE_INFOPLIST_FILE = YES;
				IPHONEOS_DEPLOYMENT_TARGET = 18.0;
				MARKETING_VERSION = 1.0;
				PRODUCT_BUNDLE_IDENTIFIER = "ARI.VIO-iPhoneTests";
				PRODUCT_NAME = "$(TARGET_NAME)";
				SWIFT_EMIT_LOC_STRINGS = NO;
				SWIFT_VERSION = 5.0;
				TARGETED_DEVICE_FAMILY = "1,2";
				TEST_HOST = "$(BUILT_PRODUCTS_DIR)/VIO-iPhone.app/$(BUNDLE_EXECUTABLE_FOLDER_PATH)/VIO-iPhone";
			};
			name = Release;
		};
		17277F9C2E02469000E9E525 /* Debug */ = {
			isa = XCBuildConfiguration;
			buildSettings = {
				CODE_SIGN_STYLE = Automatic;
				CURRENT_PROJECT_VERSION = 1;
				GENERATE_INFOPLIST_FILE = YES;
				MARKETING_VERSION = 1.0;
				PRODUCT_BUNDLE_IDENTIFIER = "ARI.VIO-iPhoneUITests";
				PRODUCT_NAME = "$(TARGET_NAME)";
				SWIFT_EMIT_LOC_STRINGS = NO;
				SWIFT_VERSION = 5.0;
				TARGETED_DEVICE_FAMILY = "1,2";
				TEST_TARGET_NAME = "VIO-iPhone";
			};
			name = Debug;
		};
		17277F9D2E02469000E9E525 /* Release */ = {
			isa = XCBuildConfiguration;
			buildSettings = {
				CODE_SIGN_STYLE = Automatic;
				CURRENT_PROJECT_VERSION = 1;
				GENERATE_INFOPLIST_FILE = YES;
				MARKETING_VERSION = 1.0;
				PRODUCT_BUNDLE_IDENTIFIER = "ARI.VIO-iPhoneUITests";
				PRODUCT_NAME = "$(TARGET_NAME)";
				SWIFT_EMIT_LOC_STRINGS = NO;
				SWIFT_VERSION = 5.0;
				TARGETED_DEVICE_FAMILY = "1,2";
				TEST_TARGET_NAME = "VIO-iPhone";
			};
			name = Release;
		};
/* End XCBuildConfiguration section */

/* Begin XCConfigurationList section */
		17277F6C2E02469000E9E525 /* Build configuration list for PBXProject "VIO-iPhone" */ = {
			isa = XCConfigurationList;
			buildConfigurations = (
				17277F932E02469000E9E525 /* Debug */,
				17277F942E02469000E9E525 /* Release */,
			);
			defaultConfigurationIsVisible = 0;
			defaultConfigurationName = Release;
		};
		17277F952E02469000E9E525 /* Build configuration list for PBXNativeTarget "VIO-iPhone" */ = {
			isa = XCConfigurationList;
			buildConfigurations = (
				17277F962E02469000E9E525 /* Debug */,
				17277F972E02469000E9E525 /* Release */,
			);
			defaultConfigurationIsVisible = 0;
			defaultConfigurationName = Release;
		};
		17277F982E02469000E9E525 /* Build configuration list for PBXNativeTarget "VIO-iPhoneTests" */ = {
			isa = XCConfigurationList;
			buildConfigurations = (
				17277F992E02469000E9E525 /* Debug */,
				17277F9A2E02469000E9E525 /* Release */,
			);
			defaultConfigurationIsVisible = 0;
			defaultConfigurationName = Release;
		};
		17277F9B2E02469000E9E525 /* Build configuration list for PBXNativeTarget "VIO-iPhoneUITests" */ = {
			isa = XCConfigurationList;
			buildConfigurations = (
				17277F9C2E02469000E9E525 /* Debug */,
				17277F9D2E02469000E9E525 /* Release */,
			);
			defaultConfigurationIsVisible = 0;
			defaultConfigurationName = Release;
		};
/* End XCConfigurationList section */
	};
	rootObject = 17277F692E02469000E9E525 /* Project object */;
}
